
Microsoft Visual Studio Solution File, Format Version 12.00
# Visual Studio Version 17
VisualStudioVersion = 17.7.34031.279
MinimumVisualStudioVersion = 10.0.40219.1
Project("{9A19103F-16F7-4668-BE54-9A1E7A4F7556}") = "ClientAPI", "ClientAPI\ClientAPI.csproj", "{B0248798-149D-4B4B-9D70-04BD35941FEF}"
EndProject
Project("{9A19103F-16F7-4668-BE54-9A1E7A4F7556}") = "RestaurantAPI", "RestaurantAPI\RestaurantAPI.csproj", "{57619020-BDF9-4936-8D07-AC225989225C}"
EndProject
Project("{9A19103F-16F7-4668-BE54-9A1E7A4F7556}") = "CourierAPI", "CourierAPI\CourierAPI.csproj", "{ECE2F62D-D0D8-4C72-9CBE-96131F075A24}"
EndProject
Project("{9A19103F-16F7-4668-BE54-9A1E7A4F7556}") = "PaymentAPI", "PaymentAPI\PaymentAPI.csproj", "{9C3A8AE1-1C46-47FD-B8FB-611F6B5F51E7}"
EndProject
Project("{9A19103F-16F7-4668-BE54-9A1E7A4F7556}") = "ORM_Components", "ORM_Components\ORM_Components.csproj", "{1E541CF7-B1C1-4D50-85D1-F32B3104071F}"
EndProject
Project("{9A19103F-16F7-4668-BE54-9A1E7A4F7556}") = "Middleware_Components", "Middleware_Components\Middleware_Components.csproj", "{70117F28-F951-4DFE-959A-844268D8DAEC}"
EndProject
Project("{2150E333-8FDC-42A3-9474-1A3956D46DE8}") = "Middleware", "Middleware", "{FA4E2863-608E-43C8-B7A8-317B18FCB226}"
EndProject
Project("{2150E333-8FDC-42A3-9474-1A3956D46DE8}") = "Microservices", "Microservices", "{08DE7E32-0DE5-4A61-8889-2DC207DDF603}"
EndProject
Project("{9A19103F-16F7-4668-BE54-9A1E7A4F7556}") = "Telegram_Components", "Telegram_Components\Telegram_Components.csproj", "{9C614F68-453F-439E-AA56-D0F85C5E4484}"
EndProject
Project("{2150E333-8FDC-42A3-9474-1A3956D46DE8}") = "Tests", "Tests", "{368D4A56-F352-420C-90EE-FD9873C70CF0}"
EndProject
Project("{9A19103F-16F7-4668-BE54-9A1E7A4F7556}") = "ClientAPI.Tests", "ClientAPI.Tests\ClientAPI.Tests.csproj", "{191336E2-9AE3-49B5-B5FE-DB06D211E96E}"
EndProject
Project("{9A19103F-16F7-4668-BE54-9A1E7A4F7556}") = "CourierAPI.Tests", "CourierAPI.Tests\CourierAPI.Tests.csproj", "{C541C23D-2A18-4FC5-904F-490195CE18CB}"
EndProject
Project("{9A19103F-16F7-4668-BE54-9A1E7A4F7556}") = "PaymentAPI.Tests", "PaymentAPI.Tests\PaymentAPI.Tests.csproj", "{F7F580D7-D68E-4E87-B499-A469718063E7}"
EndProject
Project("{9A19103F-16F7-4668-BE54-9A1E7A4F7556}") = "RestaurantAPI.Tests", "RestaurantAPI.Tests\RestaurantAPI.Tests.csproj", "{B6D6A2DC-F797-4135-88E3-73F5B89E5944}"
EndProject
Project("{9A19103F-16F7-4668-BE54-9A1E7A4F7556}") = "TestsBaseLib", "TestsBaseLib\TestsBaseLib.csproj", "{67DF53A1-A4CF-405F-A1D4-290148ADB3B0}"
EndProject
Project("{2150E333-8FDC-42A3-9474-1A3956D46DE8}") = "UnitTests", "UnitTests", "{FF11EA20-E40C-4EA2-AB74-D2F7EB056A02}"
EndProject
Project("{2150E333-8FDC-42A3-9474-1A3956D46DE8}") = "IntegrationTests", "IntegrationTests", "{04EAA07D-8AFA-430C-B168-E3224A2C99B1}"
EndProject
Project("{9A19103F-16F7-4668-BE54-9A1E7A4F7556}") = "ClientAPI.IntegrationTests", "ClientAPI.IntegrationTests\ClientAPI.IntegrationTests.csproj", "{ABA9C310-A6F0-4C68-B00C-330F8F129D3E}"
EndProject
Project("{9A19103F-16F7-4668-BE54-9A1E7A4F7556}") = "PaymentAPI.IntegrationTests", "PaymentAPI.IntegrationTests\PaymentAPI.IntegrationTests.csproj", "{91882DA6-4956-4407-B7C5-51C4F780EC86}"
EndProject
Project("{9A19103F-16F7-4668-BE54-9A1E7A4F7556}") = "CourierAPI.IntegrationTests", "CourierAPI.IntegrationTests\CourierAPI.IntegrationTests.csproj", "{D8BC3E67-F92E-4000-80F4-DC0A66D8CC4B}"
EndProject
Project("{9A19103F-16F7-4668-BE54-9A1E7A4F7556}") = "Telegram_Components.Tests", "Telegram_Components.Tests\Telegram_Components.Tests.csproj", "{DEE50F58-B559-45C3-9C54-C48F9AC85145}"
EndProject
Project("{2150E333-8FDC-42A3-9474-1A3956D46DE8}") = "EndToEndTests", "EndToEndTests", "{3D47070C-E866-4F69-9B33-C2AAD10D45B7}"
EndProject
Project("{FAE04EC0-301F-11D3-BF4B-00C04F79EFBC}") = "EndToEnd.Tests", "EndToEnd.Tests\EndToEnd.Tests.csproj", "{256001B3-861A-41D9-BE12-823B5C95CA98}"
EndProject
Global
	GlobalSection(SolutionConfigurationPlatforms) = preSolution
		Debug|Any CPU = Debug|Any CPU
		Release|Any CPU = Release|Any CPU
	EndGlobalSection
	GlobalSection(ProjectConfigurationPlatforms) = postSolution
		{B0248798-149D-4B4B-9D70-04BD35941FEF}.Debug|Any CPU.ActiveCfg = Debug|Any CPU
		{B0248798-149D-4B4B-9D70-04BD35941FEF}.Debug|Any CPU.Build.0 = Debug|Any CPU
		{B0248798-149D-4B4B-9D70-04BD35941FEF}.Release|Any CPU.ActiveCfg = Release|Any CPU
		{B0248798-149D-4B4B-9D70-04BD35941FEF}.Release|Any CPU.Build.0 = Release|Any CPU
		{57619020-BDF9-4936-8D07-AC225989225C}.Debug|Any CPU.ActiveCfg = Debug|Any CPU
		{57619020-BDF9-4936-8D07-AC225989225C}.Debug|Any CPU.Build.0 = Debug|Any CPU
		{57619020-BDF9-4936-8D07-AC225989225C}.Release|Any CPU.ActiveCfg = Release|Any CPU
		{57619020-BDF9-4936-8D07-AC225989225C}.Release|Any CPU.Build.0 = Release|Any CPU
		{ECE2F62D-D0D8-4C72-9CBE-96131F075A24}.Debug|Any CPU.ActiveCfg = Debug|Any CPU
		{ECE2F62D-D0D8-4C72-9CBE-96131F075A24}.Debug|Any CPU.Build.0 = Debug|Any CPU
		{ECE2F62D-D0D8-4C72-9CBE-96131F075A24}.Release|Any CPU.ActiveCfg = Release|Any CPU
		{ECE2F62D-D0D8-4C72-9CBE-96131F075A24}.Release|Any CPU.Build.0 = Release|Any CPU
		{9C3A8AE1-1C46-47FD-B8FB-611F6B5F51E7}.Debug|Any CPU.ActiveCfg = Debug|Any CPU
		{9C3A8AE1-1C46-47FD-B8FB-611F6B5F51E7}.Debug|Any CPU.Build.0 = Debug|Any CPU
		{9C3A8AE1-1C46-47FD-B8FB-611F6B5F51E7}.Release|Any CPU.ActiveCfg = Release|Any CPU
		{9C3A8AE1-1C46-47FD-B8FB-611F6B5F51E7}.Release|Any CPU.Build.0 = Release|Any CPU
		{1E541CF7-B1C1-4D50-85D1-F32B3104071F}.Debug|Any CPU.ActiveCfg = Debug|Any CPU
		{1E541CF7-B1C1-4D50-85D1-F32B3104071F}.Debug|Any CPU.Build.0 = Debug|Any CPU
		{1E541CF7-B1C1-4D50-85D1-F32B3104071F}.Release|Any CPU.ActiveCfg = Release|Any CPU
		{1E541CF7-B1C1-4D50-85D1-F32B3104071F}.Release|Any CPU.Build.0 = Release|Any CPU
		{70117F28-F951-4DFE-959A-844268D8DAEC}.Debug|Any CPU.ActiveCfg = Debug|Any CPU
		{70117F28-F951-4DFE-959A-844268D8DAEC}.Debug|Any CPU.Build.0 = Debug|Any CPU
		{70117F28-F951-4DFE-959A-844268D8DAEC}.Release|Any CPU.ActiveCfg = Release|Any CPU
		{70117F28-F951-4DFE-959A-844268D8DAEC}.Release|Any CPU.Build.0 = Release|Any CPU
		{9C614F68-453F-439E-AA56-D0F85C5E4484}.Debug|Any CPU.ActiveCfg = Debug|Any CPU
		{9C614F68-453F-439E-AA56-D0F85C5E4484}.Debug|Any CPU.Build.0 = Debug|Any CPU
		{9C614F68-453F-439E-AA56-D0F85C5E4484}.Release|Any CPU.ActiveCfg = Release|Any CPU
		{9C614F68-453F-439E-AA56-D0F85C5E4484}.Release|Any CPU.Build.0 = Release|Any CPU
		{191336E2-9AE3-49B5-B5FE-DB06D211E96E}.Debug|Any CPU.ActiveCfg = Debug|Any CPU
		{191336E2-9AE3-49B5-B5FE-DB06D211E96E}.Debug|Any CPU.Build.0 = Debug|Any CPU
		{191336E2-9AE3-49B5-B5FE-DB06D211E96E}.Release|Any CPU.ActiveCfg = Release|Any CPU
		{191336E2-9AE3-49B5-B5FE-DB06D211E96E}.Release|Any CPU.Build.0 = Release|Any CPU
		{C541C23D-2A18-4FC5-904F-490195CE18CB}.Debug|Any CPU.ActiveCfg = Debug|Any CPU
		{C541C23D-2A18-4FC5-904F-490195CE18CB}.Debug|Any CPU.Build.0 = Debug|Any CPU
		{C541C23D-2A18-4FC5-904F-490195CE18CB}.Release|Any CPU.ActiveCfg = Release|Any CPU
		{C541C23D-2A18-4FC5-904F-490195CE18CB}.Release|Any CPU.Build.0 = Release|Any CPU
		{F7F580D7-D68E-4E87-B499-A469718063E7}.Debug|Any CPU.ActiveCfg = Debug|Any CPU
		{F7F580D7-D68E-4E87-B499-A469718063E7}.Debug|Any CPU.Build.0 = Debug|Any CPU
		{F7F580D7-D68E-4E87-B499-A469718063E7}.Release|Any CPU.ActiveCfg = Release|Any CPU
		{F7F580D7-D68E-4E87-B499-A469718063E7}.Release|Any CPU.Build.0 = Release|Any CPU
		{B6D6A2DC-F797-4135-88E3-73F5B89E5944}.Debug|Any CPU.ActiveCfg = Debug|Any CPU
		{B6D6A2DC-F797-4135-88E3-73F5B89E5944}.Debug|Any CPU.Build.0 = Debug|Any CPU
		{B6D6A2DC-F797-4135-88E3-73F5B89E5944}.Release|Any CPU.ActiveCfg = Release|Any CPU
		{B6D6A2DC-F797-4135-88E3-73F5B89E5944}.Release|Any CPU.Build.0 = Release|Any CPU
		{67DF53A1-A4CF-405F-A1D4-290148ADB3B0}.Debug|Any CPU.ActiveCfg = Debug|Any CPU
		{67DF53A1-A4CF-405F-A1D4-290148ADB3B0}.Debug|Any CPU.Build.0 = Debug|Any CPU
		{67DF53A1-A4CF-405F-A1D4-290148ADB3B0}.Release|Any CPU.ActiveCfg = Release|Any CPU
		{67DF53A1-A4CF-405F-A1D4-290148ADB3B0}.Release|Any CPU.Build.0 = Release|Any CPU
		{ABA9C310-A6F0-4C68-B00C-330F8F129D3E}.Debug|Any CPU.ActiveCfg = Debug|Any CPU
		{ABA9C310-A6F0-4C68-B00C-330F8F129D3E}.Debug|Any CPU.Build.0 = Debug|Any CPU
		{ABA9C310-A6F0-4C68-B00C-330F8F129D3E}.Release|Any CPU.ActiveCfg = Release|Any CPU
		{ABA9C310-A6F0-4C68-B00C-330F8F129D3E}.Release|Any CPU.Build.0 = Release|Any CPU
		{91882DA6-4956-4407-B7C5-51C4F780EC86}.Debug|Any CPU.ActiveCfg = Debug|Any CPU
		{91882DA6-4956-4407-B7C5-51C4F780EC86}.Debug|Any CPU.Build.0 = Debug|Any CPU
		{91882DA6-4956-4407-B7C5-51C4F780EC86}.Release|Any CPU.ActiveCfg = Release|Any CPU
		{91882DA6-4956-4407-B7C5-51C4F780EC86}.Release|Any CPU.Build.0 = Release|Any CPU
		{D8BC3E67-F92E-4000-80F4-DC0A66D8CC4B}.Debug|Any CPU.ActiveCfg = Debug|Any CPU
		{D8BC3E67-F92E-4000-80F4-DC0A66D8CC4B}.Debug|Any CPU.Build.0 = Debug|Any CPU
		{D8BC3E67-F92E-4000-80F4-DC0A66D8CC4B}.Release|Any CPU.ActiveCfg = Release|Any CPU
		{D8BC3E67-F92E-4000-80F4-DC0A66D8CC4B}.Release|Any CPU.Build.0 = Release|Any CPU
		{DEE50F58-B559-45C3-9C54-C48F9AC85145}.Debug|Any CPU.ActiveCfg = Debug|Any CPU
		{DEE50F58-B559-45C3-9C54-C48F9AC85145}.Debug|Any CPU.Build.0 = Debug|Any CPU
		{DEE50F58-B559-45C3-9C54-C48F9AC85145}.Release|Any CPU.ActiveCfg = Release|Any CPU
		{DEE50F58-B559-45C3-9C54-C48F9AC85145}.Release|Any CPU.Build.0 = Release|Any CPU
		{256001B3-861A-41D9-BE12-823B5C95CA98}.Debug|Any CPU.ActiveCfg = Debug|Any CPU
		{256001B3-861A-41D9-BE12-823B5C95CA98}.Debug|Any CPU.Build.0 = Debug|Any CPU
		{256001B3-861A-41D9-BE12-823B5C95CA98}.Release|Any CPU.ActiveCfg = Release|Any CPU
		{256001B3-861A-41D9-BE12-823B5C95CA98}.Release|Any CPU.Build.0 = Release|Any CPU
	EndGlobalSection
	GlobalSection(SolutionProperties) = preSolution
		HideSolutionNode = FALSE
	EndGlobalSection
	GlobalSection(NestedProjects) = preSolution
		{B0248798-149D-4B4B-9D70-04BD35941FEF} = {08DE7E32-0DE5-4A61-8889-2DC207DDF603}
		{57619020-BDF9-4936-8D07-AC225989225C} = {08DE7E32-0DE5-4A61-8889-2DC207DDF603}
		{ECE2F62D-D0D8-4C72-9CBE-96131F075A24} = {08DE7E32-0DE5-4A61-8889-2DC207DDF603}
		{9C3A8AE1-1C46-47FD-B8FB-611F6B5F51E7} = {08DE7E32-0DE5-4A61-8889-2DC207DDF603}
		{1E541CF7-B1C1-4D50-85D1-F32B3104071F} = {FA4E2863-608E-43C8-B7A8-317B18FCB226}
		{70117F28-F951-4DFE-959A-844268D8DAEC} = {FA4E2863-608E-43C8-B7A8-317B18FCB226}
		{9C614F68-453F-439E-AA56-D0F85C5E4484} = {FA4E2863-608E-43C8-B7A8-317B18FCB226}
		{191336E2-9AE3-49B5-B5FE-DB06D211E96E} = {FF11EA20-E40C-4EA2-AB74-D2F7EB056A02}
		{C541C23D-2A18-4FC5-904F-490195CE18CB} = {FF11EA20-E40C-4EA2-AB74-D2F7EB056A02}
		{F7F580D7-D68E-4E87-B499-A469718063E7} = {FF11EA20-E40C-4EA2-AB74-D2F7EB056A02}
		{B6D6A2DC-F797-4135-88E3-73F5B89E5944} = {FF11EA20-E40C-4EA2-AB74-D2F7EB056A02}
		{67DF53A1-A4CF-405F-A1D4-290148ADB3B0} = {368D4A56-F352-420C-90EE-FD9873C70CF0}
		{FF11EA20-E40C-4EA2-AB74-D2F7EB056A02} = {368D4A56-F352-420C-90EE-FD9873C70CF0}
		{04EAA07D-8AFA-430C-B168-E3224A2C99B1} = {368D4A56-F352-420C-90EE-FD9873C70CF0}
		{ABA9C310-A6F0-4C68-B00C-330F8F129D3E} = {04EAA07D-8AFA-430C-B168-E3224A2C99B1}
		{91882DA6-4956-4407-B7C5-51C4F780EC86} = {04EAA07D-8AFA-430C-B168-E3224A2C99B1}
		{D8BC3E67-F92E-4000-80F4-DC0A66D8CC4B} = {04EAA07D-8AFA-430C-B168-E3224A2C99B1}
		{DEE50F58-B559-45C3-9C54-C48F9AC85145} = {FF11EA20-E40C-4EA2-AB74-D2F7EB056A02}
		{3D47070C-E866-4F69-9B33-C2AAD10D45B7} = {368D4A56-F352-420C-90EE-FD9873C70CF0}
		{256001B3-861A-41D9-BE12-823B5C95CA98} = {3D47070C-E866-4F69-9B33-C2AAD10D45B7}
	EndGlobalSection
	GlobalSection(ExtensibilityGlobals) = postSolution
		SolutionGuid = {C115D34D-A3FF-4C27-A9A6-C45CF2ACBD3F}
	EndGlobalSection
EndGlobal
